
Microsoft Visual Studio Solution File, Format Version 12.00
# Visual Studio Version 16
VisualStudioVersion = 16.0.31129.286
MinimumVisualStudioVersion = 10.0.40219.1
Project("{FAE04EC0-301F-11D3-BF4B-00C04F79EFBC}") = "IDe_MVC_Bootstrap5", "IDe_MVC_Bootstrap5.csproj", "{BA56A300-21C1-47AC-822E-BE1F825ABF89}"
EndProject
Global
	GlobalSection(SolutionConfigurationPlatforms) = preSolution
		Debug|Any CPU = Debug|Any CPU
		Release|Any CPU = Release|Any CPU
	EndGlobalSection
	GlobalSection(ProjectConfigurationPlatforms) = postSolution
		{BA56A300-21C1-47AC-822E-BE1F825ABF89}.Debug|Any CPU.ActiveCfg = Debug|Any CPU
		{BA56A300-21C1-47AC-822E-BE1F825ABF89}.Debug|Any CPU.Build.0 = Debug|Any CPU
		{BA56A300-21C1-47AC-822E-BE1F825ABF89}.Release|Any CPU.ActiveCfg = Release|Any CPU
		{BA56A300-21C1-47AC-822E-BE1F825ABF89}.Release|Any CPU.Build.0 = Release|Any CPU
	EndGlobalSection
	GlobalSection(SolutionProperties) = preSolution
		HideSolutionNode = FALSE
	EndGlobalSection
	GlobalSection(ExtensibilityGlobals) = postSolution
		SolutionGuid = {95C9C58F-D3CF-414C-8438-17C94974DF92}
	EndGlobalSection
EndGlobal
